# THIS IS AN AUTOGENERATED FILE. DO NOT EDIT THIS FILE DIRECTLY.
# yarn lockfile v1


mgrs@1.0.0:
  version "1.0.0"
  resolved "https://registry.yarnpkg.com/mgrs/-/mgrs-1.0.0.tgz#fb91588e78c90025672395cb40b25f7cd6ad1829"
  integrity sha1-+5FYjnjJACVnI5XLQLJffNatGCk=

node-getopt@^0.3.2:
  version "0.3.2"
  resolved "https://registry.yarnpkg.com/node-getopt/-/node-getopt-0.3.2.tgz#57507cd22f6f69650aa99252304a842f1224e44c"
  integrity sha512-yqkmYrMbK1wPrfz7mgeYvA4tBperLg9FQ4S3Sau3nSAkpOA0x0zC8nQ1siBwozy1f4SE8vq2n1WKv99r+PCa1Q==

proj4@^2.6.1:
  version "2.6.2"
  resolved "https://registry.yarnpkg.com/proj4/-/proj4-2.6.2.tgz#4665d7cbc30fd356375007c2fed53b07dbda1d67"
  integrity sha512-Pn0+HZtXb4JzuN8RR0VM7yyseegiYHbXkF+2FOdGpzRojcZ1BTjWxOh7qfp2vH0EyLu8pvcrhLxidwzgyUy/Gw==
  dependencies:
    mgrs "1.0.0"
    wkt-parser "^1.2.4"

sprintf-js@^1.1.2:
  version "1.1.2"
  resolved "https://registry.yarnpkg.com/sprintf-js/-/sprintf-js-1.1.2.tgz#da1765262bf8c0f571749f2ad6c26300207ae673"
  integrity sha512-VE0SOVEHCk7Qc8ulkWw3ntAzXuqf7S2lvwQaDLRnUeIEaKNQJzV6BwmLKhOqT61aGhfUMrXeaBk+oDGCzvhcug==

wkt-parser@^1.2.4:
  version "1.2.4"
  resolved "https://registry.yarnpkg.com/wkt-parser/-/wkt-parser-1.2.4.tgz#e42ba7b96f13aef82a2da9056e2d87da0fec5393"
  integrity sha512-ZzKnc7ml/91fOPh5bANBL4vUlWPIYYv11waCtWTkl2TRN+LEmBg60Q1MA8gqV4hEp4MGfSj9JiHz91zw/gTDXg==
